
Microsoft Visual Studio Solution File, Format Version 12.00
# Visual Studio Version 17
VisualStudioVersion = 17.9.34728.123
MinimumVisualStudioVersion = 10.0.40219.1
Project("{9A19103F-16F7-4668-BE54-9A1E7A4F7556}") = "CleanArchitecture.Api", "CleanArchitecture.Api\CleanArchitecture.Api.csproj", "{6BC61A75-4EDA-41D6-B4F5-7E1ED93D28F9}"
EndProject
Project("{9A19103F-16F7-4668-BE54-9A1E7A4F7556}") = "CleanArchitecture.Domain", "CleanArchitecture.Domain\CleanArchitecture.Domain.csproj", "{1F6948F7-3B94-4440-97E4-26A0AC528EFF}"
EndProject
Project("{9A19103F-16F7-4668-BE54-9A1E7A4F7556}") = "CleanArchitecture.Application", "CleanArchitecture.Application\CleanArchitecture.Application.csproj", "{6480B2EB-1EFE-40E0-9FBF-FF4253DFDD64}"
EndProject
Project("{9A19103F-16F7-4668-BE54-9A1E7A4F7556}") = "CleanArchitecture.Infrastructure", "CleanArchitecture.Infrastructure\CleanArchitecture.Infrastructure.csproj", "{68CD1577-1614-4C87-B4F1-D50688B38F46}"
EndProject
Global
	GlobalSection(SolutionConfigurationPlatforms) = preSolution
		Debug|Any CPU = Debug|Any CPU
		Release|Any CPU = Release|Any CPU
	EndGlobalSection
	GlobalSection(ProjectConfigurationPlatforms) = postSolution
		{6BC61A75-4EDA-41D6-B4F5-7E1ED93D28F9}.Debug|Any CPU.ActiveCfg = Debug|Any CPU
		{6BC61A75-4EDA-41D6-B4F5-7E1ED93D28F9}.Debug|Any CPU.Build.0 = Debug|Any CPU
		{6BC61A75-4EDA-41D6-B4F5-7E1ED93D28F9}.Release|Any CPU.ActiveCfg = Release|Any CPU
		{6BC61A75-4EDA-41D6-B4F5-7E1ED93D28F9}.Release|Any CPU.Build.0 = Release|Any CPU
		{1F6948F7-3B94-4440-97E4-26A0AC528EFF}.Debug|Any CPU.ActiveCfg = Debug|Any CPU
		{1F6948F7-3B94-4440-97E4-26A0AC528EFF}.Debug|Any CPU.Build.0 = Debug|Any CPU
		{1F6948F7-3B94-4440-97E4-26A0AC528EFF}.Release|Any CPU.ActiveCfg = Release|Any CPU
		{1F6948F7-3B94-4440-97E4-26A0AC528EFF}.Release|Any CPU.Build.0 = Release|Any CPU
		{6480B2EB-1EFE-40E0-9FBF-FF4253DFDD64}.Debug|Any CPU.ActiveCfg = Debug|Any CPU
		{6480B2EB-1EFE-40E0-9FBF-FF4253DFDD64}.Debug|Any CPU.Build.0 = Debug|Any CPU
		{6480B2EB-1EFE-40E0-9FBF-FF4253DFDD64}.Release|Any CPU.ActiveCfg = Release|Any CPU
		{6480B2EB-1EFE-40E0-9FBF-FF4253DFDD64}.Release|Any CPU.Build.0 = Release|Any CPU
		{68CD1577-1614-4C87-B4F1-D50688B38F46}.Debug|Any CPU.ActiveCfg = Debug|Any CPU
		{68CD1577-1614-4C87-B4F1-D50688B38F46}.Debug|Any CPU.Build.0 = Debug|Any CPU
		{68CD1577-1614-4C87-B4F1-D50688B38F46}.Release|Any CPU.ActiveCfg = Release|Any CPU
		{68CD1577-1614-4C87-B4F1-D50688B38F46}.Release|Any CPU.Build.0 = Release|Any CPU
	EndGlobalSection
	GlobalSection(SolutionProperties) = preSolution
		HideSolutionNode = FALSE
	EndGlobalSection
	GlobalSection(ExtensibilityGlobals) = postSolution
		SolutionGuid = {B0375AF9-9752-43A2-8797-C6750D48B497}
	EndGlobalSection
EndGlobal
